
Microsoft Visual Studio Solution File, Format Version 11.00
# Visual Studio 2010
Project("{F184B08F-C81C-45F6-A57F-5ABD9991F28F}") = "TeachersTerminal", "TeachersTerminal\TeachersTerminal.vbproj", "{B70A6740-DC13-48FB-A161-97B02CC3C184}"
EndProject
Global
	GlobalSection(SolutionConfigurationPlatforms) = preSolution
		Debug|x86 = Debug|x86
		Release|x86 = Release|x86
	EndGlobalSection
	GlobalSection(ProjectConfigurationPlatforms) = postSolution
		{B70A6740-DC13-48FB-A161-97B02CC3C184}.Debug|x86.ActiveCfg = Debug|x86
		{B70A6740-DC13-48FB-A161-97B02CC3C184}.Debug|x86.Build.0 = Debug|x86
		{B70A6740-DC13-48FB-A161-97B02CC3C184}.Release|x86.ActiveCfg = Release|x86
		{B70A6740-DC13-48FB-A161-97B02CC3C184}.Release|x86.Build.0 = Release|x86
	EndGlobalSection
	GlobalSection(SolutionProperties) = preSolution
		HideSolutionNode = FALSE
	EndGlobalSection
EndGlobal
